
Microsoft Visual Studio Solution File, Format Version 12.00
# Visual Studio 15
VisualStudioVersion = 15.0.28307.421
MinimumVisualStudioVersion = 10.0.40219.1
Project("{FAE04EC0-301F-11D3-BF4B-00C04F79EFBC}") = "latLonKml", "latLonKml\latLonKml.csproj", "{BBAB3E4C-16A1-4240-BD44-AF79457453D9}"
EndProject
Global
	GlobalSection(SolutionConfigurationPlatforms) = preSolution
		Debug|Any CPU = Debug|Any CPU
		Release|Any CPU = Release|Any CPU
	EndGlobalSection
	GlobalSection(ProjectConfigurationPlatforms) = postSolution
		{BBAB3E4C-16A1-4240-BD44-AF79457453D9}.Debug|Any CPU.ActiveCfg = Debug|Any CPU
		{BBAB3E4C-16A1-4240-BD44-AF79457453D9}.Debug|Any CPU.Build.0 = Debug|Any CPU
		{BBAB3E4C-16A1-4240-BD44-AF79457453D9}.Release|Any CPU.ActiveCfg = Release|Any CPU
		{BBAB3E4C-16A1-4240-BD44-AF79457453D9}.Release|Any CPU.Build.0 = Release|Any CPU
	EndGlobalSection
	GlobalSection(SolutionProperties) = preSolution
		HideSolutionNode = FALSE
	EndGlobalSection
	GlobalSection(ExtensibilityGlobals) = postSolution
		SolutionGuid = {695A0B65-FF4C-44D3-B7D9-DF4EAB7557E5}
	EndGlobalSection
EndGlobal
